
Microsoft Visual Studio Solution File, Format Version 12.00
# Visual Studio 14
VisualStudioVersion = 14.0.25420.1
MinimumVisualStudioVersion = 10.0.40219.1
Project("{2150E333-8FDC-42A3-9474-1A3956D46DE8}") = "src", "src", "{6505D52D-9863-418A-A0EC-919652339514}"
EndProject
Project("{2150E333-8FDC-42A3-9474-1A3956D46DE8}") = "Solution Items", "Solution Items", "{E3DA7BB2-4E5B-4A8E-85A3-637DB3A70E41}"
	ProjectSection(SolutionItems) = preProject
		global.json = global.json
	EndProjectSection
EndProject
Project("{8BB2217D-0F2D-49D1-97BC-3654ED321F3B}") = "ASP.NetCoreSimpleWebApp", "src\ASP.NetCoreSimpleWebApp\ASP.NetCoreSimpleWebApp.xproj", "{052C4CEB-3016-44DC-BF59-6019398055CA}"
EndProject
Global
	GlobalSection(SolutionConfigurationPlatforms) = preSolution
		Debug|Any CPU = Debug|Any CPU
		Release|Any CPU = Release|Any CPU
	EndGlobalSection
	GlobalSection(ProjectConfigurationPlatforms) = postSolution
		{052C4CEB-3016-44DC-BF59-6019398055CA}.Debug|Any CPU.ActiveCfg = Debug|Any CPU
		{052C4CEB-3016-44DC-BF59-6019398055CA}.Debug|Any CPU.Build.0 = Debug|Any CPU
		{052C4CEB-3016-44DC-BF59-6019398055CA}.Release|Any CPU.ActiveCfg = Release|Any CPU
		{052C4CEB-3016-44DC-BF59-6019398055CA}.Release|Any CPU.Build.0 = Release|Any CPU
	EndGlobalSection
	GlobalSection(SolutionProperties) = preSolution
		HideSolutionNode = FALSE
	EndGlobalSection
	GlobalSection(NestedProjects) = preSolution
		{052C4CEB-3016-44DC-BF59-6019398055CA} = {6505D52D-9863-418A-A0EC-919652339514}
	EndGlobalSection
EndGlobal
